
Microsoft Visual Studio Solution File, Format Version 12.00
# Visual Studio 15
VisualStudioVersion = 15.0.28307.271
MinimumVisualStudioVersion = 10.0.40219.1
Project("{FAE04EC0-301F-11D3-BF4B-00C04F79EFBC}") = "Login", "Login\Login.csproj", "{3056C922-C87D-4253-AD13-43CE1700FB8F}"
EndProject
Global
	GlobalSection(SolutionConfigurationPlatforms) = preSolution
		Debug|Any CPU = Debug|Any CPU
		Release|Any CPU = Release|Any CPU
	EndGlobalSection
	GlobalSection(ProjectConfigurationPlatforms) = postSolution
		{3056C922-C87D-4253-AD13-43CE1700FB8F}.Debug|Any CPU.ActiveCfg = Debug|Any CPU
		{3056C922-C87D-4253-AD13-43CE1700FB8F}.Debug|Any CPU.Build.0 = Debug|Any CPU
		{3056C922-C87D-4253-AD13-43CE1700FB8F}.Release|Any CPU.ActiveCfg = Release|Any CPU
		{3056C922-C87D-4253-AD13-43CE1700FB8F}.Release|Any CPU.Build.0 = Release|Any CPU
	EndGlobalSection
	GlobalSection(SolutionProperties) = preSolution
		HideSolutionNode = FALSE
	EndGlobalSection
	GlobalSection(ExtensibilityGlobals) = postSolution
		SolutionGuid = {DAB2FD5E-0E9E-41B3-8537-30512E4B7A44}
	EndGlobalSection
EndGlobal
